PODS:
  - AFNetworking (3.2.0):
    - AFNetworking/NSURLSession (= 3.2.0)
    - AFNetworking/Reachability (= 3.2.0)
    - AFNetworking/Security (= 3.2.0)
    - AFNetworking/Serialization (= 3.2.0)
    - AFNetworking/UIKit (= 3.2.0)
  - AFNetworking/NSURLSession (3.2.0):
    - AFNetworking/Reachability
    - AFNetworking/Security
    - AFNetworking/Serialization
  - AFNetworking/Reachability (3.2.0)
  - AFNetworking/Security (3.2.0)
  - AFNetworking/Serialization (3.2.0)
  - AFNetworking/UIKit (3.2.0):
    - AFNetworking/NSURLSession
  - HGBaseClass (1.0.0)
  - HGCategorys (1.1.0)
  - HGNetWorkEngine (1.1.0):
    - AFNetworking
    - HGNetWorkEngine/Category (= 1.1.0)
    - HGNetWorkEngine/Core (= 1.1.0)
  - HGNetWorkEngine/Category (1.1.0):
    - AFNetworking
  - HGNetWorkEngine/Core (1.1.0):
    - AFNetworking
    - HGNetWorkEngine/Category
  - Masonry (1.1.0)
  - MJExtension (3.0.13)
  - MJRefresh (3.1.15.3)
  - ReactiveCocoa (2.5):
    - ReactiveCocoa/UI (= 2.5)
  - ReactiveCocoa/Core (2.5):
    - ReactiveCocoa/no-arc
  - ReactiveCocoa/no-arc (2.5)
  - ReactiveCocoa/UI (2.5):
    - ReactiveCocoa/Core
  - SDWebImage (4.2.2):
    - SDWebImage/Core (= 4.2.2)
  - SDWebImage/Core (4.2.2)

DEPENDENCIES:
  - HGBaseClass
  - HGCategorys
  - HGNetWorkEngine
  - Masonry
  - MJExtension
  - MJRefresh
  - ReactiveCocoa (~> 2.5)
  - SDWebImage (= 4.2.2)

SPEC CHECKSUMS:
  AFNetworking: 8ac6017b94ea105479f7776e5288e48ae9c59bb4
  HGBaseClass: c88f3c1ffbf792664f0a01bfee2150b0dc2af77d
  HGCategorys: dcb5a75d662073a894e9c4b411e518c56d55365f
  HGNetWorkEngine: 2fcf0fe5152b737fcc91a5ede61b50de4d838453
  Masonry: 678fab65091a9290e40e2832a55e7ab731aad201
  MJExtension: 5932755f451458eefa24239358817f8d291240c7
  MJRefresh: b48380ae2b927b46c4ef000de9adb8dc748e1df7
  ReactiveCocoa: e2db045570aa97c695e7aa97c2bcab222ae51f4a
  SDWebImage: 89a9d32cd520bbb46eb14e541d5109b3564af198

PODFILE CHECKSUM: 011ccfbbee5a55383a5ee48e5fee690e0926293e

COCOAPODS: 1.4.0
